
Microsoft Visual Studio Solution File, Format Version 12.00
# Visual Studio Version 16
VisualStudioVersion = 16.0.30309.148
MinimumVisualStudioVersion = 10.0.40219.1
Project("{FAE04EC0-301F-11D3-BF4B-00C04F79EFBC}") = "sShopSolution.WebApp", "sShopSolution.WebApp\sShopSolution.WebApp.csproj", "{C8184207-65A5-4863-A12C-1ED22FCF6EEC}"
EndProject
Global
	GlobalSection(SolutionConfigurationPlatforms) = preSolution
		Debug|Any CPU = Debug|Any CPU
		Release|Any CPU = Release|Any CPU
	EndGlobalSection
	GlobalSection(ProjectConfigurationPlatforms) = postSolution
		{C8184207-65A5-4863-A12C-1ED22FCF6EEC}.Debug|Any CPU.ActiveCfg = Debug|Any CPU
		{C8184207-65A5-4863-A12C-1ED22FCF6EEC}.Debug|Any CPU.Build.0 = Debug|Any CPU
		{C8184207-65A5-4863-A12C-1ED22FCF6EEC}.Release|Any CPU.ActiveCfg = Release|Any CPU
		{C8184207-65A5-4863-A12C-1ED22FCF6EEC}.Release|Any CPU.Build.0 = Release|Any CPU
	EndGlobalSection
	GlobalSection(SolutionProperties) = preSolution
		HideSolutionNode = FALSE
	EndGlobalSection
	GlobalSection(ExtensibilityGlobals) = postSolution
		SolutionGuid = {1790CFEE-3351-4BBD-BA76-90C659986BE8}
	EndGlobalSection
EndGlobal
